lockfileVersion: '6.1'

settings:
  autoInstallPeers: true
  excludeLinksFromLockfile: false

devDependencies:
  '@es-js/core':
    specifier: workspace:*
    version: link:../../packages/core
  '@es-js/terminal':
    specifier: workspace:^
    version: link:../../packages/terminal
  '@es-js/vite-plugin-esjs':
    specifier: workspace:^
    version: link:../../packages/vite-plugin-esjs
  vite:
    specifier: ^4.4.7
    version: 4.4.7

packages:

  /@esbuild/android-arm64@0.18.16:
    resolution: {integrity: sha512-wsCqSPqLz+6Ov+OM4EthU43DyYVVyfn15S4j1bJzylDpc1r1jZFFfJQNfDuT8SlgwuqpmpJXK4uPlHGw6ve7eA==}
    engines: {node: '>=12'}
    cpu: [arm64]
    os: [android]
    requiresBuild: true
    dev: true
    optional: true

  /@esbuild/android-arm@0.18.16:
    resolution: {integrity: sha512-gCHjjQmA8L0soklKbLKA6pgsLk1byULuHe94lkZDzcO3/Ta+bbeewJioEn1Fr7kgy9NWNFy/C+MrBwC6I/WCug==}
    engines: {node: '>=12'}
    cpu: [arm]
    os: [android]
    requiresBuild: true
    dev: true
    optional: true

  /@esbuild/android-x64@0.18.16:
    resolution: {integrity: sha512-ldsTXolyA3eTQ1//4DS+E15xl0H/3DTRJaRL0/0PgkqDsI0fV/FlOtD+h0u/AUJr+eOTlZv4aC9gvfppo3C4sw==}
    engines: {node: '>=12'}
    cpu: [x64]
    os: [android]
    requiresBuild: true
    dev: true
    optional: true

  /@esbuild/darwin-arm64@0.18.16:
    resolution: {integrity: sha512-aBxruWCII+OtluORR/KvisEw0ALuw/qDQWvkoosA+c/ngC/Kwk0lLaZ+B++LLS481/VdydB2u6tYpWxUfnLAIw==}
    engines: {node: '>=12'}
    cpu: [arm64]
    os: [darwin]
    requiresBuild: true
    dev: true
    optional: true

  /@esbuild/darwin-x64@0.18.16:
    resolution: {integrity: sha512-6w4Dbue280+rp3LnkgmriS1icOUZDyPuZo/9VsuMUTns7SYEiOaJ7Ca1cbhu9KVObAWfmdjUl4gwy9TIgiO5eA==}
    engines: {node: '>=12'}
    cpu: [x64]
    os: [darwin]
    requiresBuild: true
    dev: true
    optional: true

  /@esbuild/freebsd-arm64@0.18.16:
    resolution: {integrity: sha512-x35fCebhe9s979DGKbVAwXUOcTmCIE32AIqB9CB1GralMIvxdnMLAw5CnID17ipEw9/3MvDsusj/cspYt2ZLNQ==}
    engines: {node: '>=12'}
    cpu: [arm64]
    os: [freebsd]
    requiresBuild: true
    dev: true
    optional: true

  /@esbuild/freebsd-x64@0.18.16:
    resolution: {integrity: sha512-YM98f+PeNXF3GbxIJlUsj+McUWG1irguBHkszCIwfr3BXtXZsXo0vqybjUDFfu9a8Wr7uUD/YSmHib+EeGAFlg==}
    engines: {node: '>=12'}
    cpu: [x64]
    os: [freebsd]
    requiresBuild: true
    dev: true
    optional: true

  /@esbuild/linux-arm64@0.18.16:
    resolution: {integrity: sha512-XIqhNUxJiuy+zsR77+H5Z2f7s4YRlriSJKtvx99nJuG5ATuJPjmZ9n0ANgnGlPCpXGSReFpgcJ7O3SMtzIFeiQ==}
    engines: {node: '>=12'}
    cpu: [arm64]
    os: [linux]
    requiresBuild: true
    dev: true
    optional: true

  /@esbuild/linux-arm@0.18.16:
    resolution: {integrity: sha512-b5ABb+5Ha2C9JkeZXV+b+OruR1tJ33ePmv9ZwMeETSEKlmu/WJ45XTTG+l6a2KDsQtJJ66qo/hbSGBtk0XVLHw==}
    engines: {node: '>=12'}
    cpu: [arm]
    os: [linux]
    requiresBuild: true
    dev: true
    optional: true

  /@esbuild/linux-ia32@0.18.16:
    resolution: {integrity: sha512-no+pfEpwnRvIyH+txbBAWtjxPU9grslmTBfsmDndj7bnBmr55rOo/PfQmRfz7Qg9isswt1FP5hBbWb23fRWnow==}
    engines: {node: '>=12'}
    cpu: [ia32]
    os: [linux]
    requiresBuild: true
    dev: true
    optional: true

  /@esbuild/linux-loong64@0.18.16:
    resolution: {integrity: sha512-Zbnczs9ZXjmo0oZSS0zbNlJbcwKXa/fcNhYQjahDs4Xg18UumpXG/lwM2lcSvHS3mTrRyCYZvJbmzYc4laRI1g==}
    engines: {node: '>=12'}
    cpu: [loong64]
    os: [linux]
    requiresBuild: true
    dev: true
    optional: true

  /@esbuild/linux-mips64el@0.18.16:
    resolution: {integrity: sha512-YMF7hih1HVR/hQVa/ot4UVffc5ZlrzEb3k2ip0nZr1w6fnYypll9td2qcoMLvd3o8j3y6EbJM3MyIcXIVzXvQQ==}
    engines: {node: '>=12'}
    cpu: [mips64el]
    os: [linux]
    requiresBuild: true
    dev: true
    optional: true

  /@esbuild/linux-ppc64@0.18.16:
    resolution: {integrity: sha512-Wkz++LZ29lDwUyTSEnzDaaP5OveOgTU69q9IyIw9WqLRxM4BjTBjz9un4G6TOvehWpf/J3gYVFN96TjGHrbcNQ==}
    engines: {node: '>=12'}
    cpu: [ppc64]
    os: [linux]
    requiresBuild: true
    dev: true
    optional: true

  /@esbuild/linux-riscv64@0.18.16:
    resolution: {integrity: sha512-LFMKZ30tk78/mUv1ygvIP+568bwf4oN6reG/uczXnz6SvFn4e2QUFpUpZY9iSJT6Qpgstrhef/nMykIXZtZWGQ==}
    engines: {node: '>=12'}
    cpu: [riscv64]
    os: [linux]
    requiresBuild: true
    dev: true
    optional: true

  /@esbuild/linux-s390x@0.18.16:
    resolution: {integrity: sha512-3ZC0BgyYHYKfZo3AV2/66TD/I9tlSBaW7eWTEIkrQQKfJIifKMMttXl9FrAg+UT0SGYsCRLI35Gwdmm96vlOjg==}
    engines: {node: '>=12'}
    cpu: [s390x]
    os: [linux]
    requiresBuild: true
    dev: true
    optional: true

  /@esbuild/linux-x64@0.18.16:
    resolution: {integrity: sha512-xu86B3647DihHJHv/wx3NCz2Dg1gjQ8bbf9cVYZzWKY+gsvxYmn/lnVlqDRazObc3UMwoHpUhNYaZset4X8IPA==}
    engines: {node: '>=12'}
    cpu: [x64]
    os: [linux]
    requiresBuild: true
    dev: true
    optional: true

  /@esbuild/netbsd-x64@0.18.16:
    resolution: {integrity: sha512-uVAgpimx9Ffw3xowtg/7qQPwHFx94yCje+DoBx+LNm2ePDpQXHrzE+Sb0Si2VBObYz+LcRps15cq+95YM7gkUw==}
    engines: {node: '>=12'}
    cpu: [x64]
    os: [netbsd]
    requiresBuild: true
    dev: true
    optional: true

  /@esbuild/openbsd-x64@0.18.16:
    resolution: {integrity: sha512-6OjCQM9wf7z8/MBi6BOWaTL2AS/SZudsZtBziXMtNI8r/U41AxS9x7jn0ATOwVy08OotwkPqGRMkpPR2wcTJXA==}
    engines: {node: '>=12'}
    cpu: [x64]
    os: [openbsd]
    requiresBuild: true
    dev: true
    optional: true

  /@esbuild/sunos-x64@0.18.16:
    resolution: {integrity: sha512-ZoNkruFYJp9d1LbUYCh8awgQDvB9uOMZqlQ+gGEZR7v6C+N6u7vPr86c+Chih8niBR81Q/bHOSKGBK3brJyvkQ==}
    engines: {node: '>=12'}
    cpu: [x64]
    os: [sunos]
    requiresBuild: true
    dev: true
    optional: true

  /@esbuild/win32-arm64@0.18.16:
    resolution: {integrity: sha512-+j4anzQ9hrs+iqO+/wa8UE6TVkKua1pXUb0XWFOx0FiAj6R9INJ+WE//1/Xo6FG1vB5EpH3ko+XcgwiDXTxcdw==}
    engines: {node: '>=12'}
    cpu: [arm64]
    os: [win32]
    requiresBuild: true
    dev: true
    optional: true

  /@esbuild/win32-ia32@0.18.16:
    resolution: {integrity: sha512-5PFPmq3sSKTp9cT9dzvI67WNfRZGvEVctcZa1KGjDDu4n3H8k59Inbk0du1fz0KrAbKKNpJbdFXQMDUz7BG4rQ==}
    engines: {node: '>=12'}
    cpu: [ia32]
    os: [win32]
    requiresBuild: true
    dev: true
    optional: true

  /@esbuild/win32-x64@0.18.16:
    resolution: {integrity: sha512-sCIVrrtcWN5Ua7jYXNG1xD199IalrbfV2+0k/2Zf2OyV2FtnQnMgdzgpRAbi4AWlKJj1jkX+M+fEGPQj6BQB4w==}
    engines: {node: '>=12'}
    cpu: [x64]
    os: [win32]
    requiresBuild: true
    dev: true
    optional: true

  /esbuild@0.18.16:
    resolution: {integrity: sha512-1xLsOXrDqwdHxyXb/x/SOyg59jpf/SH7YMvU5RNSU7z3TInaASNJWNFJ6iRvLvLETZMasF3d1DdZLg7sgRimRQ==}
    engines: {node: '>=12'}
    hasBin: true
    requiresBuild: true
    optionalDependencies:
      '@esbuild/android-arm': 0.18.16
      '@esbuild/android-arm64': 0.18.16
      '@esbuild/android-x64': 0.18.16
      '@esbuild/darwin-arm64': 0.18.16
      '@esbuild/darwin-x64': 0.18.16
      '@esbuild/freebsd-arm64': 0.18.16
      '@esbuild/freebsd-x64': 0.18.16
      '@esbuild/linux-arm': 0.18.16
      '@esbuild/linux-arm64': 0.18.16
      '@esbuild/linux-ia32': 0.18.16
      '@esbuild/linux-loong64': 0.18.16
      '@esbuild/linux-mips64el': 0.18.16
      '@esbuild/linux-ppc64': 0.18.16
      '@esbuild/linux-riscv64': 0.18.16
      '@esbuild/linux-s390x': 0.18.16
      '@esbuild/linux-x64': 0.18.16
      '@esbuild/netbsd-x64': 0.18.16
      '@esbuild/openbsd-x64': 0.18.16
      '@esbuild/sunos-x64': 0.18.16
      '@esbuild/win32-arm64': 0.18.16
      '@esbuild/win32-ia32': 0.18.16
      '@esbuild/win32-x64': 0.18.16
    dev: true

  /fsevents@2.3.2:
    resolution: {integrity: sha512-xiqMQR4xAeHTuB9uWm+fFRcIOgKBMiOBP+eXiyT7jsgVCq1bkVygt00oASowB7EdtpOHaaPgKt812P9ab+DDKA==}
    engines: {node: ^8.16.0 || ^10.6.0 || >=11.0.0}
    os: [darwin]
    requiresBuild: true
    dev: true
    optional: true

  /nanoid@3.3.6:
    resolution: {integrity: sha512-BGcqMMJuToF7i1rt+2PWSNVnWIkGCU78jBG3RxO/bZlnZPK2Cmi2QaffxGO/2RvWi9sL+FAiRiXMgsyxQ1DIDA==}
    engines: {node: ^10 || ^12 || ^13.7 || ^14 || >=15.0.1}
    hasBin: true
    dev: true

  /picocolors@1.0.0:
    resolution: {integrity: sha512-1fygroTLlHu66zi26VoTDv8yRgm0Fccecssto+MhsZ0D/DGW2sm8E8AjW7NU5VVTRt5GxbeZ5qBuJr+HyLYkjQ==}
    dev: true

  /postcss@8.4.27:
    resolution: {integrity: sha512-gY/ACJtJPSmUFPDCHtX78+01fHa64FaU4zaaWfuh1MhGJISufJAH4cun6k/8fwsHYeK4UQmENQK+tRLCFJE8JQ==}
    engines: {node: ^10 || ^12 || >=14}
    dependencies:
      nanoid: 3.3.6
      picocolors: 1.0.0
      source-map-js: 1.0.2
    dev: true

  /rollup@3.26.3:
    resolution: {integrity: sha512-7Tin0C8l86TkpcMtXvQu6saWH93nhG3dGQ1/+l5V2TDMceTxO7kDiK6GzbfLWNNxqJXm591PcEZUozZm51ogwQ==}
    engines: {node: '>=14.18.0', npm: '>=8.0.0'}
    hasBin: true
    optionalDependencies:
      fsevents: 2.3.2
    dev: true

  /source-map-js@1.0.2:
    resolution: {integrity: sha512-R0XvVJ9WusLiqTCEiGCmICCMplcCkIwwR11mOSD9CR5u+IXYdiseeEuXCVAjS54zqwkLcPNnmU4OeJ6tUrWhDw==}
    engines: {node: '>=0.10.0'}
    dev: true

  /vite@4.4.7:
    resolution: {integrity: sha512-6pYf9QJ1mHylfVh39HpuSfMPojPSKVxZvnclX1K1FyZ1PXDOcLBibdq5t1qxJSnL63ca8Wf4zts6mD8u8oc9Fw==}
    engines: {node: ^14.18.0 || >=16.0.0}
    hasBin: true
    peerDependencies:
      '@types/node': '>= 14'
      less: '*'
      lightningcss: ^1.21.0
      sass: '*'
      stylus: '*'
      sugarss: '*'
      terser: ^5.4.0
    peerDependenciesMeta:
      '@types/node':
        optional: true
      less:
        optional: true
      lightningcss:
        optional: true
      sass:
        optional: true
      stylus:
        optional: true
      sugarss:
        optional: true
      terser:
        optional: true
    dependencies:
      esbuild: 0.18.16
      postcss: 8.4.27
      rollup: 3.26.3
    optionalDependencies:
      fsevents: 2.3.2
    dev: true
